// !$*UTF8*$!
{
	archiveVersion = 1;
	classes = {
	};
	objectVersion = 46;
	objects = {

/* Begin PBXBuildFile section */
		7CDAC45B1DABD93300FA1172 /* main.swift in Sources */ = {isa = PBXBuildFile; fileRef = 7CDAC45A1DABD93300FA1172 /* main.swift */; };
		7CDAC4621DABDB6D00FA1172 /* Interactive.swift in Sources */ = {isa = PBXBuildFile; fileRef = 7CDAC4611DABDB6D00FA1172 /* Interactive.swift */; };
		7CDAC4641DABE5B400FA1172 /* io.swift in Sources */ = {isa = PBXBuildFile; fileRef = 7CDAC4631DABE5B400FA1172 /* io.swift */; };
/* End PBXBuildFile section */

/* Begin PBXCopyFilesBuildPhase section */
		7CDAC4551DABD93200FA1172 /* CopyFiles */ = {
			isa = PBXCopyFilesBuildPhase;
			buildActionMask = 2147483647;
			dstPath = /usr/share/man/man1/;
			dstSubfolderSpec = 0;
			files = (
			);
			runOnlyForDeploymentPostprocessing = 1;
		};
/* End PBXCopyFilesBuildPhase section */

/* Begin PBXFileReference section */
		7CDAC4571DABD93300FA1172 /* swiftTipCalc_Caden */ = {isa = PBXFileReference; explicitFileType = "compiled.mach-o.executable"; includeInIndex = 0; path = swiftTipCalc_Caden; sourceTree = BUILT_PRODUCTS_DIR; };
		7CDAC45A1DABD93300FA1172 /* main.swift */ = {isa = PBXFileReference; lastKnownFileType = sourcecode.swift; path = main.swift; sourceTree = "<group>"; };
		7CDAC4611DABDB6D00FA1172 /* Interactive.swift */ = {isa = PBXFileReference; fileEncoding = 4; lastKnownFileType = sourcecode.swift; path = Interactive.swift; sourceTree = "<group>"; };
		7CDAC4631DABE5B400FA1172 /* io.swift */ = {isa = PBXFileReference; fileEncoding = 4; lastKnownFileType = sourcecode.swift; path = io.swift; sourceTree = "<group>"; };
/* End PBXFileReference section */

/* Begin PBXFrameworksBuildPhase section */
		7CDAC4541DABD93200FA1172 /* Frameworks */ = {
			isa = PBXFrameworksBuildPhase;
			buildActionMask = 2147483647;
			files = (
			);
			runOnlyForDeploymentPostprocessing = 0;
		};
/* End PBXFrameworksBuildPhase section */

/* Begin PBXGroup section */
		7CDAC44E1DABD93200FA1172 = {
			isa = PBXGroup;
			children = (
				7CDAC4591DABD93300FA1172 /* swiftTipCalc_Caden */,
				7CDAC4581DABD93300FA1172 /* Products */,
			);
			sourceTree = "<group>";
		};
		7CDAC4581DABD93300FA1172 /* Products */ = {
			isa = PBXGroup;
			children = (
				7CDAC4571DABD93300FA1172 /* swiftTipCalc_Caden */,
			);
			name = Products;
			sourceTree = "<group>";
		};
		7CDAC4591DABD93300FA1172 /* swiftTipCalc_Caden */ = {
			isa = PBXGroup;
			children = (
				7CDAC45A1DABD93300FA1172 /* main.swift */,
				7CDAC4611DABDB6D00FA1172 /* Interactive.swift */,
				7CDAC4631DABE5B400FA1172 /* io.swift */,
			);
			path = swiftTipCalc_Caden;
			sourceTree = "<group>";
		};
/* End PBXGroup section */

/* Begin PBXNativeTarget section */
		7CDAC4561DABD93200FA1172 /* swiftTipCalc_Caden */ = {
			isa = PBXNativeTarget;
			buildConfigurationList = 7CDAC45E1DABD93300FA1172 /* Build configuration list for PBXNativeTarget "swiftTipCalc_Caden" */;
			buildPhases = (
				7CDAC4531DABD93200FA1172 /* Sources */,
				7CDAC4541DABD93200FA1172 /* Frameworks */,
				7CDAC4551DABD93200FA1172 /* CopyFiles */,
			);
			buildRules = (
			);
			dependencies = (
			);
			name = swiftTipCalc_Caden;
			productName = swiftTipCalc_Caden;
			productReference = 7CDAC4571DABD93300FA1172 /* swiftTipCalc_Caden */;
			productType = "com.apple.product-type.tool";
		};
/* End PBXNativeTarget section */

/* Begin PBXProject section */
		7CDAC44F1DABD93200FA1172 /* Project object */ = {
			isa = PBXProject;
			attributes = {
				LastSwiftUpdateCheck = 0800;
				LastUpgradeCheck = 0800;
				ORGANIZATIONNAME = Interapt;
				TargetAttributes = {
					7CDAC4561DABD93200FA1172 = {
						CreatedOnToolsVersion = 8.0;
						ProvisioningStyle = Automatic;
					};
				};
			};
			buildConfigurationList = 7CDAC4521DABD93200FA1172 /* Build configuration list for PBXProject "swiftTipCalc_Caden" */;
			compatibilityVersion = "Xcode 3.2";
			developmentRegion = English;
			hasScannedForEncodings = 0;
			knownRegions = (
				en,
			);
			mainGroup = 7CDAC44E1DABD93200FA1172;
			productRefGroup = 7CDAC4581DABD93300FA1172 /* Products */;
			projectDirPath = "";
			projectRoot = "";
			targets = (
				7CDAC4561DABD93200FA1172 /* swiftTipCalc_Caden */,
			);
		};
/* End PBXProject section */

/* Begin PBXSourcesBuildPhase section */
		7CDAC4531DABD93200FA1172 /* Sources */ = {
			isa = PBXSourcesBuildPhase;
			buildActionMask = 2147483647;
			files = (
				7CDAC4621DABDB6D00FA1172 /* Interactive.swift in Sources */,
				7CDAC4641DABE5B400FA1172 /* io.swift in Sources */,
				7CDAC45B1DABD93300FA1172 /* main.swift in Sources */,
			);
			runOnlyForDeploymentPostprocessing = 0;
		};
/* End PBXSourcesBuildPhase section */

/* Begin XCBuildConfiguration section */
		7CDAC45C1DABD93300FA1172 /* Debug */ = {
			isa = XCBuildConfiguration;
			buildSettings = {
				ALWAYS_SEARCH_USER_PATHS = NO;
				CLANG_ANALYZER_NONNULL = YES;
				CLANG_CXX_LANGUAGE_STANDARD = "gnu++0x";
				CLANG_CXX_LIBRARY = "libc++";
				CLANG_ENABLE_MODULES = YES;
				CLANG_ENABLE_OBJC_ARC = YES;
				CLANG_WARN_BOOL_CONVERSION = YES;
				CLANG_WARN_CONSTANT_CONVERSION = YES;
				CLANG_WARN_DIRECT_OBJC_ISA_USAGE = YES_ERROR;
				CLANG_WARN_DOCUMENTATION_COMMENTS = YES;
				CLANG_WARN_EMPTY_BODY = YES;
				CLANG_WARN_ENUM_CONVERSION = YES;
				CLANG_WARN_INFINITE_RECURSION = YES;
				CLANG_WARN_INT_CONVERSION = YES;
				CLANG_WARN_OBJC_ROOT_CLASS = YES_ERROR;
				CLANG_WARN_SUSPICIOUS_MOVES = YES;
				CLANG_WARN_UNREACHABLE_CODE = YES;
				CLANG_WARN__DUPLICATE_METHOD_MATCH = YES;
				CODE_SIGN_IDENTITY = "-";
				COPY_PHASE_STRIP = NO;
				DEBUG_INFORMATION_FORMAT = dwarf;
				ENABLE_STRICT_OBJC_MSGSEND = YES;
				ENABLE_TESTABILITY = YES;
				GCC_C_LANGUAGE_STANDARD = gnu99;
				GCC_DYNAMIC_NO_PIC = NO;
				GCC_NO_COMMON_BLOCKS = YES;
				GCC_OPTIMIZATION_LEVEL = 0;
				GCC_PREPROCESSOR_DEFINITIONS = (
					"DEBUG=1",
					"$(inherited)",
				);
				GCC_WARN_64_TO_32_BIT_CONVERSION = YES;
				GCC_WARN_ABOUT_RETURN_TYPE = YES_ERROR;
				GCC_WARN_UNDECLARED_SELECTOR = YES;
				GCC_WARN_UNINITIALIZED_AUTOS = YES_AGGRESSIVE;
				GCC_WARN_UNUSED_FUNCTION = YES;
				GCC_WARN_UNUSED_VARIABLE = YES;
				MACOSX_DEPLOYMENT_TARGET = 10.11;
				MTL_ENABLE_DEBUG_INFO = YES;
				ONLY_ACTIVE_ARCH = YES;
				SDKROOT = macosx;
				SWIFT_OPTIMIZATION_LEVEL = "-Onone";
			};
			name = Debug;
		};
		7CDAC45D1DABD93300FA1172 /* Release */ = {
			isa = XCBuildConfiguration;
			buildSettings = {
				ALWAYS_SEARCH_USER_PATHS = NO;
				CLANG_ANALYZER_NONNULL = YES;
				CLANG_CXX_LANGUAGE_STANDARD = "gnu++0x";
				CLANG_CXX_LIBRARY = "libc++";
				CLANG_ENABLE_MODULES = YES;
				CLANG_ENABLE_OBJC_ARC = YES;
				CLANG_WARN_BOOL_CONVERSION = YES;
				CLANG_WARN_CONSTANT_CONVERSION = YES;
				CLANG_WARN_DIRECT_OBJC_ISA_USAGE = YES_ERROR;
				CLANG_WARN_DOCUMENTATION_COMMENTS = YES;
				CLANG_WARN_EMPTY_BODY = YES;
				CLANG_WARN_ENUM_CONVERSION = YES;
				CLANG_WARN_INFINITE_RECURSION = YES;
				CLANG_WARN_INT_CONVERSION = YES;
				CLANG_WARN_OBJC_ROOT_CLASS = YES_ERROR;
				CLANG_WARN_SUSPICIOUS_MOVES = YES;
				CLANG_WARN_UNREACHABLE_CODE = YES;
				CLANG_WARN__DUPLICATE_METHOD_MATCH = YES;
				CODE_SIGN_IDENTITY = "-";
				COPY_PHASE_STRIP = NO;
				DEBUG_INFORMATION_FORMAT = "dwarf-with-dsym";
				ENABLE_NS_ASSERTIONS = NO;
				ENABLE_STRICT_OBJC_MSGSEND = YES;
				GCC_C_LANGUAGE_STANDARD = gnu99;
				GCC_NO_COMMON_BLOCKS = YES;
				GCC_WARN_64_TO_32_BIT_CONVERSION = YES;
				GCC_WARN_ABOUT_RETURN_TYPE = YES_ERROR;
				GCC_WARN_UNDECLARED_SELECTOR = YES;
				GCC_WARN_UNINITIALIZED_AUTOS = YES_AGGRESSIVE;
				GCC_WARN_UNUSED_FUNCTION = YES;
				GCC_WARN_UNUSED_VARIABLE = YES;
				MACOSX_DEPLOYMENT_TARGET = 10.11;
				MTL_ENABLE_DEBUG_INFO = NO;
				SDKROOT = macosx;
			};
			name = Release;
		};
		7CDAC45F1DABD93300FA1172 /* Debug */ = {
			isa = XCBuildConfiguration;
			buildSettings = {
				PRODUCT_NAME = "$(TARGET_NAME)";
				SWIFT_VERSION = 3.0;
			};
			name = Debug;
		};
		7CDAC4601DABD93300FA1172 /* Release */ = {
			isa = XCBuildConfiguration;
			buildSettings = {
				PRODUCT_NAME = "$(TARGET_NAME)";
				SWIFT_VERSION = 3.0;
			};
			name = Release;
		};
/* End XCBuildConfiguration section */

/* Begin XCConfigurationList section */
		7CDAC4521DABD93200FA1172 /* Build configuration list for PBXProject "swiftTipCalc_Caden" */ = {
			isa = XCConfigurationList;
			buildConfigurations = (
				7CDAC45C1DABD93300FA1172 /* Debug */,
				7CDAC45D1DABD93300FA1172 /* Release */,
			);
			defaultConfigurationIsVisible = 0;
			defaultConfigurationName = Release;
		};
		7CDAC45E1DABD93300FA1172 /* Build configuration list for PBXNativeTarget "swiftTipCalc_Caden" */ = {
			isa = XCConfigurationList;
			buildConfigurations = (
				7CDAC45F1DABD93300FA1172 /* Debug */,
				7CDAC4601DABD93300FA1172 /* Release */,
			);
			defaultConfigurationIsVisible = 0;
		};
/* End XCConfigurationList section */
	};
	rootObject = 7CDAC44F1DABD93200FA1172 /* Project object */;
}
